
Microsoft Visual Studio Solution File, Format Version 12.00
# Visual Studio Version 17
VisualStudioVersion = 17.6.33829.357
MinimumVisualStudioVersion = 10.0.40219.1
Project("{FAE04EC0-301F-11D3-BF4B-00C04F79EFBC}") = "backups", "BackupManager\backups.csproj", "{08D5351F-8510-458C-92E0-FC1EB303CAF9}"
EndProject
Global
	GlobalSection(SolutionConfigurationPlatforms) = preSolution
		Debug|Any CPU = Debug|Any CPU
		Release|Any CPU = Release|Any CPU
	EndGlobalSection
	GlobalSection(ProjectConfigurationPlatforms) = postSolution
		{08D5351F-8510-458C-92E0-FC1EB303CAF9}.Debug|Any CPU.ActiveCfg = Debug|Any CPU
		{08D5351F-8510-458C-92E0-FC1EB303CAF9}.Debug|Any CPU.Build.0 = Debug|Any CPU
		{08D5351F-8510-458C-92E0-FC1EB303CAF9}.Release|Any CPU.ActiveCfg = Release|Any CPU
		{08D5351F-8510-458C-92E0-FC1EB303CAF9}.Release|Any CPU.Build.0 = Release|Any CPU
	EndGlobalSection
	GlobalSection(SolutionProperties) = preSolution
		HideSolutionNode = FALSE
	EndGlobalSection
	GlobalSection(ExtensibilityGlobals) = postSolution
		SolutionGuid = {A849468F-CB08-4A6F-923A-01217C07E78C}
	EndGlobalSection
EndGlobal
